
Microsoft Visual Studio Solution File, Format Version 12.00
# Visual Studio 15
VisualStudioVersion = 15.0.26124.0
MinimumVisualStudioVersion = 15.0.26124.0
Project("{FAE04EC0-301F-11D3-BF4B-00C04F79EFBC}") = "MatrixSolver.Computations", "src\MatrixSolver.Computations\MatrixSolver.Computations.csproj", "{D4B3CE76-F509-42AC-A090-2625CC0463D0}"
EndProject
Project("{FAE04EC0-301F-11D3-BF4B-00C04F79EFBC}") = "MatrixSolver.Tests", "test\MatrixSolver.Computations.Tests\MatrixSolver.Computations.Tests.csproj", "{933D16E9-B9B3-44CD-9A50-E0265426371C}"
EndProject
Project("{2150E333-8FDC-42A3-9474-1A3956D46DE8}") = "src", "src", "{3B1F56F1-E4B7-4650-B321-0BACC57DCA49}"
EndProject
Project("{FAE04EC0-301F-11D3-BF4B-00C04F79EFBC}") = "MatrixSolver", "src\MatrixSolver\MatrixSolver.csproj", "{961FD2D7-49F7-4B2A-8E2F-6E971A37953F}"
EndProject
Project("{2150E333-8FDC-42A3-9474-1A3956D46DE8}") = "tools", "tools", "{19DCCA3C-375D-4C53-8E10-95263CBD0D78}"
EndProject
Project("{FAE04EC0-301F-11D3-BF4B-00C04F79EFBC}") = "VectorReachabilitySolutionChecker", "tools\VectorReachabilitySolutionChecker\VectorReachabilitySolutionChecker.csproj", "{4F95EF4F-DA19-47B1-A352-774DAE5D6041}"
EndProject
Global
	GlobalSection(SolutionConfigurationPlatforms) = preSolution
		Debug|Any CPU = Debug|Any CPU
		Debug|x64 = Debug|x64
		Debug|x86 = Debug|x86
		Release|Any CPU = Release|Any CPU
		Release|x64 = Release|x64
		Release|x86 = Release|x86
	EndGlobalSection
	GlobalSection(SolutionProperties) = preSolution
		HideSolutionNode = FALSE
	EndGlobalSection
	GlobalSection(ProjectConfigurationPlatforms) = postSolution
		{D4B3CE76-F509-42AC-A090-2625CC0463D0}.Debug|Any CPU.ActiveCfg = Debug|Any CPU
		{D4B3CE76-F509-42AC-A090-2625CC0463D0}.Debug|Any CPU.Build.0 = Debug|Any CPU
		{D4B3CE76-F509-42AC-A090-2625CC0463D0}.Debug|x64.ActiveCfg = Debug|Any CPU
		{D4B3CE76-F509-42AC-A090-2625CC0463D0}.Debug|x64.Build.0 = Debug|Any CPU
		{D4B3CE76-F509-42AC-A090-2625CC0463D0}.Debug|x86.ActiveCfg = Debug|Any CPU
		{D4B3CE76-F509-42AC-A090-2625CC0463D0}.Debug|x86.Build.0 = Debug|Any CPU
		{D4B3CE76-F509-42AC-A090-2625CC0463D0}.Release|Any CPU.ActiveCfg = Release|Any CPU
		{D4B3CE76-F509-42AC-A090-2625CC0463D0}.Release|Any CPU.Build.0 = Release|Any CPU
		{D4B3CE76-F509-42AC-A090-2625CC0463D0}.Release|x64.ActiveCfg = Release|Any CPU
		{D4B3CE76-F509-42AC-A090-2625CC0463D0}.Release|x64.Build.0 = Release|Any CPU
		{D4B3CE76-F509-42AC-A090-2625CC0463D0}.Release|x86.ActiveCfg = Release|Any CPU
		{D4B3CE76-F509-42AC-A090-2625CC0463D0}.Release|x86.Build.0 = Release|Any CPU
		{933D16E9-B9B3-44CD-9A50-E0265426371C}.Debug|Any CPU.ActiveCfg = Debug|Any CPU
		{933D16E9-B9B3-44CD-9A50-E0265426371C}.Debug|Any CPU.Build.0 = Debug|Any CPU
		{933D16E9-B9B3-44CD-9A50-E0265426371C}.Debug|x64.ActiveCfg = Debug|Any CPU
		{933D16E9-B9B3-44CD-9A50-E0265426371C}.Debug|x64.Build.0 = Debug|Any CPU
		{933D16E9-B9B3-44CD-9A50-E0265426371C}.Debug|x86.ActiveCfg = Debug|Any CPU
		{933D16E9-B9B3-44CD-9A50-E0265426371C}.Debug|x86.Build.0 = Debug|Any CPU
		{933D16E9-B9B3-44CD-9A50-E0265426371C}.Release|Any CPU.ActiveCfg = Release|Any CPU
		{933D16E9-B9B3-44CD-9A50-E0265426371C}.Release|Any CPU.Build.0 = Release|Any CPU
		{933D16E9-B9B3-44CD-9A50-E0265426371C}.Release|x64.ActiveCfg = Release|Any CPU
		{933D16E9-B9B3-44CD-9A50-E0265426371C}.Release|x64.Build.0 = Release|Any CPU
		{933D16E9-B9B3-44CD-9A50-E0265426371C}.Release|x86.ActiveCfg = Release|Any CPU
		{933D16E9-B9B3-44CD-9A50-E0265426371C}.Release|x86.Build.0 = Release|Any CPU
		{961FD2D7-49F7-4B2A-8E2F-6E971A37953F}.Debug|Any CPU.ActiveCfg = Debug|Any CPU
		{961FD2D7-49F7-4B2A-8E2F-6E971A37953F}.Debug|Any CPU.Build.0 = Debug|Any CPU
		{961FD2D7-49F7-4B2A-8E2F-6E971A37953F}.Debug|x64.ActiveCfg = Debug|Any CPU
		{961FD2D7-49F7-4B2A-8E2F-6E971A37953F}.Debug|x64.Build.0 = Debug|Any CPU
		{961FD2D7-49F7-4B2A-8E2F-6E971A37953F}.Debug|x86.ActiveCfg = Debug|Any CPU
		{961FD2D7-49F7-4B2A-8E2F-6E971A37953F}.Debug|x86.Build.0 = Debug|Any CPU
		{961FD2D7-49F7-4B2A-8E2F-6E971A37953F}.Release|Any CPU.ActiveCfg = Release|Any CPU
		{961FD2D7-49F7-4B2A-8E2F-6E971A37953F}.Release|Any CPU.Build.0 = Release|Any CPU
		{961FD2D7-49F7-4B2A-8E2F-6E971A37953F}.Release|x64.ActiveCfg = Release|Any CPU
		{961FD2D7-49F7-4B2A-8E2F-6E971A37953F}.Release|x64.Build.0 = Release|Any CPU
		{961FD2D7-49F7-4B2A-8E2F-6E971A37953F}.Release|x86.ActiveCfg = Release|Any CPU
		{961FD2D7-49F7-4B2A-8E2F-6E971A37953F}.Release|x86.Build.0 = Release|Any CPU
		{4F95EF4F-DA19-47B1-A352-774DAE5D6041}.Debug|Any CPU.ActiveCfg = Debug|Any CPU
		{4F95EF4F-DA19-47B1-A352-774DAE5D6041}.Debug|Any CPU.Build.0 = Debug|Any CPU
		{4F95EF4F-DA19-47B1-A352-774DAE5D6041}.Debug|x64.ActiveCfg = Debug|Any CPU
		{4F95EF4F-DA19-47B1-A352-774DAE5D6041}.Debug|x64.Build.0 = Debug|Any CPU
		{4F95EF4F-DA19-47B1-A352-774DAE5D6041}.Debug|x86.ActiveCfg = Debug|Any CPU
		{4F95EF4F-DA19-47B1-A352-774DAE5D6041}.Debug|x86.Build.0 = Debug|Any CPU
		{4F95EF4F-DA19-47B1-A352-774DAE5D6041}.Release|Any CPU.ActiveCfg = Release|Any CPU
		{4F95EF4F-DA19-47B1-A352-774DAE5D6041}.Release|Any CPU.Build.0 = Release|Any CPU
		{4F95EF4F-DA19-47B1-A352-774DAE5D6041}.Release|x64.ActiveCfg = Release|Any CPU
		{4F95EF4F-DA19-47B1-A352-774DAE5D6041}.Release|x64.Build.0 = Release|Any CPU
		{4F95EF4F-DA19-47B1-A352-774DAE5D6041}.Release|x86.ActiveCfg = Release|Any CPU
		{4F95EF4F-DA19-47B1-A352-774DAE5D6041}.Release|x86.Build.0 = Release|Any CPU
	EndGlobalSection
	GlobalSection(NestedProjects) = preSolution
		{961FD2D7-49F7-4B2A-8E2F-6E971A37953F} = {3B1F56F1-E4B7-4650-B321-0BACC57DCA49}
		{4F95EF4F-DA19-47B1-A352-774DAE5D6041} = {19DCCA3C-375D-4C53-8E10-95263CBD0D78}
	EndGlobalSection
EndGlobal
